
Microsoft Visual Studio Solution File, Format Version 12.00
# Visual Studio Version 16
VisualStudioVersion = 16.0.28803.156
MinimumVisualStudioVersion = 10.0.40219.1
Project("{FAE04EC0-301F-11D3-BF4B-00C04F79EFBC}") = "RedCorners.ExifLibrary.Demo", "RedCorners.ExifLibrary.Demo\RedCorners.ExifLibrary.Demo.csproj", "{39703646-A5C1-449A-B32B-3323CF047C39}"
EndProject
Global
	GlobalSection(SolutionConfigurationPlatforms) = preSolution
		Debug|Any CPU = Debug|Any CPU
		Release|Any CPU = Release|Any CPU
	EndGlobalSection
	GlobalSection(ProjectConfigurationPlatforms) = postSolution
		{39703646-A5C1-449A-B32B-3323CF047C39}.Debug|Any CPU.ActiveCfg = Debug|Any CPU
		{39703646-A5C1-449A-B32B-3323CF047C39}.Debug|Any CPU.Build.0 = Debug|Any CPU
		{39703646-A5C1-449A-B32B-3323CF047C39}.Release|Any CPU.ActiveCfg = Release|Any CPU
		{39703646-A5C1-449A-B32B-3323CF047C39}.Release|Any CPU.Build.0 = Release|Any CPU
	EndGlobalSection
	GlobalSection(SolutionProperties) = preSolution
		HideSolutionNode = FALSE
	EndGlobalSection
	GlobalSection(ExtensibilityGlobals) = postSolution
		SolutionGuid = {300B412F-1E8A-4E8A-9EEA-0A19665BFFB7}
	EndGlobalSection
EndGlobal
